{
  "name": "mock-http-server",
  "version": "1.0.0",
  "lockfileVersion": 1,
  "requires": true,
  "dependencies": {
    "url-lib": {
      "version": "3.0.3",
      "resolved": "https://registry.npmjs.org/url-lib/-/url-lib-3.0.3.tgz",
      "integrity": "sha512-xrQ0imiKx/GXBEznh36/2/k9mG9+FUlUVAZeoNBM/ZXJDd715018OJ9pN/OGKLd3aFYKEJxSvanmVQfdwez7DA=="
    }
  }
}
